<?xml version="1.0" encoding="utf-8"?>
<Project ToolsVersion="4.0" xmlns="http://schemas.microsoft.com/developer/msbuild/2003">
  <ItemGroup>
    <None Include="definitions\decal.json">
      <Filter>definitions</Filter>
    </None>
    <None Include="definitions\filtercopy.json">
      <Filter>definitions</Filter>
    </None>
    <None Include="definitions\flare.json">
      <Filter>definitions</Filter>
    </None>
    <None Include="definitions\bloom_stock.json">
      <Filter>definitions</Filter>
    </None>
    <None Include="definitions\interface.json">
      <Filter>definitions</Filter>
    </None>
    <None Include="definitions\lightbeam.json">
      <Filter>definitions</Filter>
    </None>
    <None Include="definitions\normal.json">
      <Filter>definitions</Filter>
    </None>
    <None Include="definitions\normal_terrain.json">
      <Filter>definitions</Filter>
    </None>
    <None Include="definitions\ocean.json">
      <Filter>definitions</Filter>
    </None>
    <None Include="definitions\particle.json">
      <Filter>definitions</Filter>
    </None>
    <None Include="definitions\perpixeldiffuselighting.json">
      <Filter>definitions</Filter>
    </None>
    <None Include="definitions\prereflection.json">
      <Filter>definitions</Filter>
    </None>
    <None Include="definitions\rain.json">
      <Filter>definitions</Filter>
    </None>
    <None Include="definitions\refraction.json">
      <Filter>definitions</Filter>
    </None>
    <None Include="definitions\sample.json">
      <Filter>definitions</Filter>
    </None>
    <None Include="definitions\shadowquad.json">
      <Filter>definitions</Filter>
    </None>
    <None Include="definitions\shield.json">
      <Filter>definitions</Filter>
    </None>
    <None Include="definitions\skyfog.json">
      <Filter>definitions</Filter>
    </None>
    <None Include="definitions\specularlighting.json">
      <Filter>definitions</Filter>
    </None>
    <None Include="definitions\stencilshadow.json">
      <Filter>definitions</Filter>
    </None>
    <None Include="definitions\zprepass.json">
      <Filter>definitions</Filter>
    </None>
    <None Include="src\decal.fx">
      <Filter>src</Filter>
    </None>
    <None Include="src\filtercopy.fx">
      <Filter>src</Filter>
    </None>
    <None Include="src\flare.fx">
      <Filter>src</Filter>
    </None>
    <None Include="src\bloom_stock.fx">
      <Filter>src</Filter>
    </None>
    <None Include="src\interface.fx">
      <Filter>src</Filter>
    </None>
    <None Include="src\lightbeam.fx">
      <Filter>src</Filter>
    </None>
    <None Include="src\lighting_utilities.hlsl">
      <Filter>src</Filter>
    </None>
    <None Include="src\normal.fx">
      <Filter>src</Filter>
    </None>
    <None Include="src\normal_terrain.fx">
      <Filter>src</Filter>
    </None>
    <None Include="src\ocean.fx">
      <Filter>src</Filter>
    </None>
    <None Include="src\particle.fx">
      <Filter>src</Filter>
    </None>
    <None Include="src\perpixeldiffuselighting.fx">
      <Filter>src</Filter>
    </None>
    <None Include="src\pixel_utilities.hlsl">
      <Filter>src</Filter>
    </None>
    <None Include="src\prereflection.fx">
      <Filter>src</Filter>
    </None>
    <None Include="src\rain.fx">
      <Filter>src</Filter>
    </None>
    <None Include="src\refraction.fx">
      <Filter>src</Filter>
    </None>
    <None Include="src\sample.fx">
      <Filter>src</Filter>
    </None>
    <None Include="src\shadowquad.fx">
      <Filter>src</Filter>
    </None>
    <None Include="src\shield.fx">
      <Filter>src</Filter>
    </None>
    <None Include="src\skyfog.fx">
      <Filter>src</Filter>
    </None>
    <None Include="src\specularlighting.fx">
      <Filter>src</Filter>
    </None>
    <None Include="src\stencilshadow.fx">
      <Filter>src</Filter>
    </None>
    <None Include="src\vertex_utilities.hlsl">
      <Filter>src</Filter>
    </None>
    <None Include="src\water.fx">
      <Filter>src</Filter>
    </None>
    <None Include="src\zprepass.fx">
      <Filter>src</Filter>
    </None>
    <None Include="src\constants_list.hlsl">
      <Filter>src</Filter>
    </None>
    <None Include="src\pbr.fx">
      <Filter>src</Filter>
    </None>
    <None Include="definitions\patch\pbr.json">
      <Filter>definitions\patch</Filter>
    </None>
    <None Include="src\fullscreen_tri_vs.hlsl">
      <Filter>src</Filter>
    </None>
    <None Include="src\postprocess.fx">
      <Filter>src</Filter>
    </None>
    <None Include="src\postprocess_common.hlsl">
      <Filter>src</Filter>
    </None>
    <None Include="src\film_grain.hlsl">
      <Filter>src</Filter>
    </None>
    <None Include="definitions\patch\normal_ext.json">
      <Filter>definitions\patch</Filter>
    </None>
    <None Include="src\damage_overlay.fx">
      <Filter>src</Filter>
    </None>
    <None Include="src\shadows_blur.fx">
      <Filter>src</Filter>
    </None>
    <None Include="src\normal_ext.fx">
      <Filter>src</Filter>
    </None>
    <None Include="src\skyfog_ext.fx">
      <Filter>src</Filter>
    </None>
    <None Include="src\generic_vertex_input.hlsl">
      <Filter>src</Filter>
    </None>
    <None Include="src\vertex_transformer.hlsl">
      <Filter>src</Filter>
    </None>
    <None Include="src\stencilshadow_transform_utilities.hlsl">
      <Filter>src</Filter>
    </None>
    <None Include="declarations\normal.json">
      <Filter>declarations</Filter>
    </None>
    <None Include="declarations\bloom_stock.json">
      <Filter>declarations</Filter>
    </None>
    <None Include="declarations\decal.json">
      <Filter>declarations</Filter>
    </None>
    <None Include="declarations\filtercopy.json">
      <Filter>declarations</Filter>
    </None>
    <None Include="declarations\flare.json">
      <Filter>declarations</Filter>
    </None>
    <None Include="declarations\interface.json">
      <Filter>declarations</Filter>
    </None>
    <None Include="declarations\lightbeam.json">
      <Filter>declarations</Filter>
    </None>
    <None Include="declarations\normal_terrain.json">
      <Filter>declarations</Filter>
    </None>
    <None Include="declarations\ocean.json">
      <Filter>declarations</Filter>
    </None>
    <None Include="declarations\particle.json">
      <Filter>declarations</Filter>
    </None>
    <None Include="declarations\perpixeldiffuselighting.json">
      <Filter>declarations</Filter>
    </None>
    <None Include="declarations\prereflection.json">
      <Filter>declarations</Filter>
    </None>
    <None Include="declarations\rain.json">
      <Filter>declarations</Filter>
    </None>
    <None Include="declarations\refraction.json">
      <Filter>declarations</Filter>
    </None>
    <None Include="declarations\sample.json">
      <Filter>declarations</Filter>
    </None>
    <None Include="declarations\shadowquad.json">
      <Filter>declarations</Filter>
    </None>
    <None Include="declarations\shield.json">
      <Filter>declarations</Filter>
    </None>
    <None Include="declarations\skyfog.json">
      <Filter>declarations</Filter>
    </None>
    <None Include="declarations\specularlighting.json">
      <Filter>declarations</Filter>
    </None>
    <None Include="declarations\stencilshadow.json">
      <Filter>declarations</Filter>
    </None>
    <None Include="declarations\water.json">
      <Filter>declarations</Filter>
    </None>
    <None Include="declarations\zprepass.json">
      <Filter>declarations</Filter>
    </None>
    <None Include="declarations\normalmapadder.json">
      <Filter>declarations</Filter>
    </None>
    <None Include="definitions\patch\damage_overlay.json.ignore">
      <Filter>definitions\patch</Filter>
    </None>
    <None Include="definitions\patch\skyfog_ext.json.ignore">
      <Filter>definitions\patch</Filter>
    </None>
    <None Include="definitions\water.json">
      <Filter>definitions</Filter>
    </None>
    <None Include="shaders.req" />
    <None Include="definitions\normalmapadder.json">
      <Filter>definitions</Filter>
    </None>
    <None Include="src\normalmapadder.fx">
      <Filter>src</Filter>
    </None>
    <None Include="definitions\patch\stretch_texture.json">
      <Filter>definitions\patch</Filter>
    </None>
    <None Include="src\fixedfunc_plain_texture.fx">
      <Filter>src</Filter>
    </None>
    <None Include="definitions\patch\fixedfunc_plain_texture.json">
      <Filter>definitions\patch</Filter>
    </None>
    <None Include="definitions\patch\fixedfunc_color_fill.json">
      <Filter>definitions\patch</Filter>
    </None>
    <None Include="definitions\patch\fixedfunc_scene_blur.json">
      <Filter>definitions\patch</Filter>
    </None>
    <None Include="definitions\patch\fixedfunc_damage_overlay.json">
      <Filter>definitions\patch</Filter>
    </None>
    <None Include="definitions\patch\fixedfunc_zoom_blur.json">
      <Filter>definitions\patch</Filter>
    </None>
    <None Include="src\fixedfunc_color_fill.fx">
      <Filter>src</Filter>
    </None>
    <None Include="src\fixedfunc_damage_overlay.fx">
      <Filter>src</Filter>
    </None>
    <None Include="src\fixedfunc_scene_blur.fx">
      <Filter>src</Filter>
    </None>
    <None Include="src\fixedfunc_zoom_blur.fx">
      <Filter>src</Filter>
    </None>
    <None Include="definitions\patch\postprocess.json">
      <Filter>definitions\patch</Filter>
    </None>
    <None Include="textures.req" />
    <None Include="shader_declarations.req" />
    <None Include="src\color_utilities.hlsl">
      <Filter>src</Filter>
    </None>
    <None Include="definitions\patch\late_backbuffer_resolve.json">
      <Filter>definitions\patch</Filter>
    </None>
    <None Include="src\stretch_texture.fx">
      <Filter>src</Filter>
    </None>
    <None Include="src\late_backbuffer_resolve.fx">
      <Filter>src</Filter>
    </None>
    <None Include="src\postprocess_msaa_resolve.fx">
      <Filter>src</Filter>
    </None>
    <None Include="definitions\patch\postprocess_bloom.json">
      <Filter>definitions\patch</Filter>
    </None>
    <None Include="definitions\patch\postprocess_msaa_resolve.json">
      <Filter>definitions\patch</Filter>
    </None>
    <None Include="src\postprocess_bloom.fx">
      <Filter>src</Filter>
    </None>
    <None Include="definitions\patch\normal_ext-tessellated.json">
      <Filter>definitions\patch</Filter>
    </None>
    <None Include="definitions\patch\cmaa2.json">
      <Filter>definitions\patch</Filter>
    </None>
    <None Include="definitions\patch\adaptive_oit_resolve.json">
      <Filter>definitions\patch</Filter>
    </None>
    <None Include="definitions\patch\depth_msaa_resolve.json">
      <Filter>definitions\patch</Filter>
    </None>
    <None Include="src\adaptive_oit.hlsl">
      <Filter>src</Filter>
    </None>
    <None Include="src\adaptive_oit_resolve.fx">
      <Filter>src</Filter>
    </None>
    <None Include="definitions\patch\pbr_terrain.json">
      <Filter>definitions\patch</Filter>
    </None>
    <None Include="src\CMAA2.hlsl">
      <Filter>src</Filter>
    </None>
    <None Include="definitions\patch\normal_ext_terrain.json">
      <Filter>definitions\patch</Filter>
    </None>
    <None Include="definitions\patch\skybox.json">
      <Filter>definitions\patch</Filter>
    </None>
    <None Include="src\depth_msaa_resolve.fx">
      <Filter>src</Filter>
    </None>
    <None Include="src\terrain_common.hlsl">
      <Filter>src</Filter>
    </None>
    <None Include="src\pbr_terrain.fx">
      <Filter>src</Filter>
    </None>
    <None Include="definitions\patch\basic_unlit.json">
      <Filter>definitions\patch</Filter>
    </None>
    <None Include="src\normal_ext_common.hlsl">
      <Filter>src</Filter>
    </None>
    <None Include="src\basic_unlit.fx">
      <Filter>src</Filter>
    </None>
    <None Include="src\skybox.fx">
      <Filter>src</Filter>
    </None>
    <None Include="src\normal_ext_terrain.fx">
      <Filter>src</Filter>
    </None>
    <None Include="src\color_grading.hlsl">
      <Filter>src</Filter>
    </None>
    <None Include="definitions\patch\color_grading_lut_baker.json">
      <Filter>definitions\patch</Filter>
    </None>
    <None Include="src\scene_blur.fx">
      <Filter>src</Filter>
    </None>
    <None Include="definitions\patch\scene_blur.json">
      <Filter>definitions\patch</Filter>
    </None>
    <None Include="definitions\patch\scope_blur.json">
      <Filter>definitions\patch</Filter>
    </None>
    <None Include="src\tonemappers.hlsl">
      <Filter>src</Filter>
    </None>
    <None Include="src\color_grading_lut_baker.hlsl">
      <Filter>src</Filter>
    </None>
    <None Include="definitions\patch\gaussian_blur.json">
      <Filter>definitions\patch</Filter>
    </None>
    <None Include="src\scope_blur_common.hlsl">
      <Filter>src</Filter>
    </None>
    <None Include="definitions\patch\bloom_alt.json">
      <Filter>definitions\patch</Filter>
    </None>
    <None Include="definitions\patch\static_water.json">
      <Filter>definitions\patch</Filter>
    </None>
    <None Include="src\bloom_alt.fx">
      <Filter>src</Filter>
    </None>
    <None Include="src\scope_blur.fx">
      <Filter>src</Filter>
    </None>
    <None Include="src\gaussian_blur.fx">
      <Filter>src</Filter>
    </None>
    <None Include="src\static_water.fx">
      <Filter>src</Filter>
    </None>
    <None Include="src\pixel_sampler_states.hlsl" />
  </ItemGroup>
  <ItemGroup>
    <Filter Include="definitions">
      <UniqueIdentifier>{160f9fdf-0523-4fb1-a442-5e643a555dbb}</UniqueIdentifier>
    </Filter>
    <Filter Include="src">
      <UniqueIdentifier>{85d5cf72-b134-4bdb-a2fe-8ec546486129}</UniqueIdentifier>
    </Filter>
    <Filter Include="definitions\patch">
      <UniqueIdentifier>{d3186a52-bf6a-47d1-90d2-ad874b6b82dd}</UniqueIdentifier>
    </Filter>
    <Filter Include="declarations">
      <UniqueIdentifier>{2ae5cb42-618b-4f6e-a3b4-ba73d8aa3967}</UniqueIdentifier>
    </Filter>
  </ItemGroup>
  <ItemGroup>
    <CustomBuild Include="build_lvls.ps1" />
  </ItemGroup>
</Project>