
Microsoft Visual Studio Solution File, Format Version 12.00
# Visual Studio 15
VisualStudioVersion = 15.0.27130.2036
MinimumVisualStudioVersion = 10.0.40219.1
Project("{8BC9CEB8-8B4A-11D0-8D11-00A0C91BC942}") = "shader_patch", "shader_patch.vcxproj", "{77065F00-E7E4-4EDF-8C98-6EB87BC49C4D}"
EndProject
Project("{FAE04EC0-301F-11D3-BF4B-00C04F79EFBC}") = "installer", "tools\installer\installer.csproj", "{D1C33C73-8766-49AF-AB30-FD4A2ECF5EB7}"
EndProject
Project("{8BC9CEB8-8B4A-11D0-8D11-00A0C91BC942}") = "shared_src", "shared_src\shared_src.vcxitems", "{F1810F20-C9CC-43DF-981F-9DF8E60AE6EB}"
EndProject
Project("{2150E333-8FDC-42A3-9474-1A3956D46DE8}") = "tools", "tools", "{69E77B09-01C8-4B00-929C-69F81C130C74}"
EndProject
Project("{8BC9CEB8-8B4A-11D0-8D11-00A0C91BC942}") = "shader_compiler", "tools\shader_compiler\shader_compiler.vcxproj", "{08B2B3F5-A506-49F0-9775-56BB4A87F22D}"
EndProject
Project("{8BC9CEB8-8B4A-11D0-8D11-00A0C91BC942}") = "lvl_pack", "tools\lvl_pack\lvl_pack.vcxproj", "{55EDE7A5-D7BB-476B-84A2-85B962BBC36A}"
EndProject
Project("{8BC9CEB8-8B4A-11D0-8D11-00A0C91BC942}") = "core", "assets\core\core.vcxproj", "{7FA8E104-8A4E-4A69-8CEE-7C800757DB6E}"
	ProjectSection(ProjectDependencies) = postProject
		{55EDE7A5-D7BB-476B-84A2-85B962BBC36A} = {55EDE7A5-D7BB-476B-84A2-85B962BBC36A}
		{08B2B3F5-A506-49F0-9775-56BB4A87F22D} = {08B2B3F5-A506-49F0-9775-56BB4A87F22D}
	EndProjectSection
EndProject
Project("{8BC9CEB8-8B4A-11D0-8D11-00A0C91BC942}") = "material_munge", "tools\material_munge\material_munge.vcxproj", "{0459C299-DA5D-4AB2-AF50-C38D4F569A19}"
EndProject
Project("{8BC9CEB8-8B4A-11D0-8D11-00A0C91BC942}") = "texture_munge", "tools\texture_munge\texture_munge.vcxproj", "{84BEAAB2-DD0C-4298-AA34-22773B8D44BD}"
EndProject
Project("{8BC9CEB8-8B4A-11D0-8D11-00A0C91BC942}") = "spfx_munge", "tools\spfx_munge\spfx_munge.vcxproj", "{3E809000-E8D9-4C1B-8A1A-738587477265}"
EndProject
Global
	GlobalSection(SharedMSBuildProjectFiles) = preSolution
		shared_src\shared_src.vcxitems*{0459c299-da5d-4ab2-af50-c38d4f569a19}*SharedItemsImports = 4
		shared_src\shared_src.vcxitems*{08b2b3f5-a506-49f0-9775-56bb4a87f22d}*SharedItemsImports = 4
		shared_src\shared_src.vcxitems*{3e809000-e8d9-4c1b-8a1a-738587477265}*SharedItemsImports = 4
		shared_src\shared_src.vcxitems*{55ede7a5-d7bb-476b-84a2-85b962bbc36a}*SharedItemsImports = 4
		shared_src\shared_src.vcxitems*{77065f00-e7e4-4edf-8c98-6eb87bc49c4d}*SharedItemsImports = 4
		shared_src\shared_src.vcxitems*{84beaab2-dd0c-4298-aa34-22773b8d44bd}*SharedItemsImports = 4
		shared_src\shared_src.vcxitems*{f1810f20-c9cc-43df-981f-9df8e60ae6eb}*SharedItemsImports = 9
	EndGlobalSection
	GlobalSection(SolutionConfigurationPlatforms) = preSolution
		Debug|Any CPU = Debug|Any CPU
		Debug|x86 = Debug|x86
		Release|Any CPU = Release|Any CPU
		Release|x86 = Release|x86
	EndGlobalSection
	GlobalSection(ProjectConfigurationPlatforms) = postSolution
		{77065F00-E7E4-4EDF-8C98-6EB87BC49C4D}.Debug|Any CPU.ActiveCfg = Debug|Win32
		{77065F00-E7E4-4EDF-8C98-6EB87BC49C4D}.Debug|x86.ActiveCfg = Debug|Win32
		{77065F00-E7E4-4EDF-8C98-6EB87BC49C4D}.Debug|x86.Build.0 = Debug|Win32
		{77065F00-E7E4-4EDF-8C98-6EB87BC49C4D}.Release|Any CPU.ActiveCfg = Release|Win32
		{77065F00-E7E4-4EDF-8C98-6EB87BC49C4D}.Release|x86.ActiveCfg = Release|Win32
		{77065F00-E7E4-4EDF-8C98-6EB87BC49C4D}.Release|x86.Build.0 = Release|Win32
		{D1C33C73-8766-49AF-AB30-FD4A2ECF5EB7}.Debug|Any CPU.ActiveCfg = Debug|Any CPU
		{D1C33C73-8766-49AF-AB30-FD4A2ECF5EB7}.Debug|Any CPU.Build.0 = Debug|Any CPU
		{D1C33C73-8766-49AF-AB30-FD4A2ECF5EB7}.Debug|x86.ActiveCfg = Debug|Any CPU
		{D1C33C73-8766-49AF-AB30-FD4A2ECF5EB7}.Debug|x86.Build.0 = Debug|Any CPU
		{D1C33C73-8766-49AF-AB30-FD4A2ECF5EB7}.Release|Any CPU.ActiveCfg = Release|Any CPU
		{D1C33C73-8766-49AF-AB30-FD4A2ECF5EB7}.Release|Any CPU.Build.0 = Release|Any CPU
		{D1C33C73-8766-49AF-AB30-FD4A2ECF5EB7}.Release|x86.ActiveCfg = Release|Any CPU
		{D1C33C73-8766-49AF-AB30-FD4A2ECF5EB7}.Release|x86.Build.0 = Release|Any CPU
		{08B2B3F5-A506-49F0-9775-56BB4A87F22D}.Debug|Any CPU.ActiveCfg = Debug|Win32
		{08B2B3F5-A506-49F0-9775-56BB4A87F22D}.Debug|x86.ActiveCfg = Debug|Win32
		{08B2B3F5-A506-49F0-9775-56BB4A87F22D}.Debug|x86.Build.0 = Debug|Win32
		{08B2B3F5-A506-49F0-9775-56BB4A87F22D}.Release|Any CPU.ActiveCfg = Release|Win32
		{08B2B3F5-A506-49F0-9775-56BB4A87F22D}.Release|x86.ActiveCfg = Release|Win32
		{08B2B3F5-A506-49F0-9775-56BB4A87F22D}.Release|x86.Build.0 = Release|Win32
		{55EDE7A5-D7BB-476B-84A2-85B962BBC36A}.Debug|Any CPU.ActiveCfg = Debug|Win32
		{55EDE7A5-D7BB-476B-84A2-85B962BBC36A}.Debug|x86.ActiveCfg = Debug|Win32
		{55EDE7A5-D7BB-476B-84A2-85B962BBC36A}.Debug|x86.Build.0 = Debug|Win32
		{55EDE7A5-D7BB-476B-84A2-85B962BBC36A}.Release|Any CPU.ActiveCfg = Release|Win32
		{55EDE7A5-D7BB-476B-84A2-85B962BBC36A}.Release|x86.ActiveCfg = Release|Win32
		{55EDE7A5-D7BB-476B-84A2-85B962BBC36A}.Release|x86.Build.0 = Release|Win32
		{7FA8E104-8A4E-4A69-8CEE-7C800757DB6E}.Debug|Any CPU.ActiveCfg = Debug|Win32
		{7FA8E104-8A4E-4A69-8CEE-7C800757DB6E}.Debug|x86.ActiveCfg = Debug|Win32
		{7FA8E104-8A4E-4A69-8CEE-7C800757DB6E}.Debug|x86.Build.0 = Debug|Win32
		{7FA8E104-8A4E-4A69-8CEE-7C800757DB6E}.Release|Any CPU.ActiveCfg = Release|Win32
		{7FA8E104-8A4E-4A69-8CEE-7C800757DB6E}.Release|x86.ActiveCfg = Release|Win32
		{7FA8E104-8A4E-4A69-8CEE-7C800757DB6E}.Release|x86.Build.0 = Release|Win32
		{0459C299-DA5D-4AB2-AF50-C38D4F569A19}.Debug|Any CPU.ActiveCfg = Debug|Win32
		{0459C299-DA5D-4AB2-AF50-C38D4F569A19}.Debug|x86.ActiveCfg = Debug|Win32
		{0459C299-DA5D-4AB2-AF50-C38D4F569A19}.Debug|x86.Build.0 = Debug|Win32
		{0459C299-DA5D-4AB2-AF50-C38D4F569A19}.Release|Any CPU.ActiveCfg = Release|Win32
		{0459C299-DA5D-4AB2-AF50-C38D4F569A19}.Release|x86.ActiveCfg = Release|Win32
		{0459C299-DA5D-4AB2-AF50-C38D4F569A19}.Release|x86.Build.0 = Release|Win32
		{84BEAAB2-DD0C-4298-AA34-22773B8D44BD}.Debug|Any CPU.ActiveCfg = Debug|Win32
		{84BEAAB2-DD0C-4298-AA34-22773B8D44BD}.Debug|x86.ActiveCfg = Debug|Win32
		{84BEAAB2-DD0C-4298-AA34-22773B8D44BD}.Debug|x86.Build.0 = Debug|Win32
		{84BEAAB2-DD0C-4298-AA34-22773B8D44BD}.Release|Any CPU.ActiveCfg = Release|Win32
		{84BEAAB2-DD0C-4298-AA34-22773B8D44BD}.Release|x86.ActiveCfg = Release|Win32
		{84BEAAB2-DD0C-4298-AA34-22773B8D44BD}.Release|x86.Build.0 = Release|Win32
		{3E809000-E8D9-4C1B-8A1A-738587477265}.Debug|Any CPU.ActiveCfg = Debug|Win32
		{3E809000-E8D9-4C1B-8A1A-738587477265}.Debug|x86.ActiveCfg = Debug|Win32
		{3E809000-E8D9-4C1B-8A1A-738587477265}.Debug|x86.Build.0 = Debug|Win32
		{3E809000-E8D9-4C1B-8A1A-738587477265}.Release|Any CPU.ActiveCfg = Release|Win32
		{3E809000-E8D9-4C1B-8A1A-738587477265}.Release|x86.ActiveCfg = Release|Win32
		{3E809000-E8D9-4C1B-8A1A-738587477265}.Release|x86.Build.0 = Release|Win32
	EndGlobalSection
	GlobalSection(SolutionProperties) = preSolution
		HideSolutionNode = FALSE
	EndGlobalSection
	GlobalSection(NestedProjects) = preSolution
		{D1C33C73-8766-49AF-AB30-FD4A2ECF5EB7} = {69E77B09-01C8-4B00-929C-69F81C130C74}
		{08B2B3F5-A506-49F0-9775-56BB4A87F22D} = {69E77B09-01C8-4B00-929C-69F81C130C74}
		{55EDE7A5-D7BB-476B-84A2-85B962BBC36A} = {69E77B09-01C8-4B00-929C-69F81C130C74}
		{0459C299-DA5D-4AB2-AF50-C38D4F569A19} = {69E77B09-01C8-4B00-929C-69F81C130C74}
		{84BEAAB2-DD0C-4298-AA34-22773B8D44BD} = {69E77B09-01C8-4B00-929C-69F81C130C74}
		{3E809000-E8D9-4C1B-8A1A-738587477265} = {69E77B09-01C8-4B00-929C-69F81C130C74}
	EndGlobalSection
	GlobalSection(ExtensibilityGlobals) = postSolution
		SolutionGuid = {E60021EE-5B9E-4C2E-B6AB-83302F205408}
	EndGlobalSection
EndGlobal
