<?xml version="1.0" encoding="utf-8"?>
<Project ToolsVersion="4.0" xmlns="http://schemas.microsoft.com/developer/msbuild/2003">
  <ItemGroup>
    <Filter Include="src">
      <UniqueIdentifier>{f8bcd6a0-ad31-432f-9c72-a99c8d1fd92f}</UniqueIdentifier>
    </Filter>
    <Filter Include="src\direct3d">
      <UniqueIdentifier>{3c0ea71c-25d6-43f7-95a1-0246ff97c699}</UniqueIdentifier>
    </Filter>
    <Filter Include="src\effects">
      <UniqueIdentifier>{32260bbd-fc9f-42f0-8b2b-d9a327005fb1}</UniqueIdentifier>
    </Filter>
    <Filter Include="src\imgui">
      <UniqueIdentifier>{995a280b-cfa2-4de5-82b7-596f17701cc0}</UniqueIdentifier>
    </Filter>
    <Filter Include="src\core">
      <UniqueIdentifier>{5dbc8ed0-a3c6-4114-8b1e-5967ed35fd7c}</UniqueIdentifier>
    </Filter>
  </ItemGroup>
  <ItemGroup>
    <ClCompile Include="src\main.cpp">
      <Filter>src</Filter>
    </ClCompile>
    <ClCompile Include="src\input_hooker.cpp">
      <Filter>src</Filter>
    </ClCompile>
    <ClCompile Include="src\direct3d\check_required_features.cpp">
      <Filter>src\direct3d</Filter>
    </ClCompile>
    <ClCompile Include="src\material.cpp">
      <Filter>src</Filter>
    </ClCompile>
    <ClCompile Include="src\effects\control.cpp">
      <Filter>src\effects</Filter>
    </ClCompile>
    <ClCompile Include="src\effects\scene_blur.cpp">
      <Filter>src\effects</Filter>
    </ClCompile>
    <ClCompile Include="src\effects\postprocess.cpp">
      <Filter>src\effects</Filter>
    </ClCompile>
    <ClCompile Include="src\effects\color_grading_lut_baker.cpp">
      <Filter>src\effects</Filter>
    </ClCompile>
    <ClCompile Include="src\direct3d\creator.cpp">
      <Filter>src\direct3d</Filter>
    </ClCompile>
    <ClCompile Include="src\fps_unlock.cpp">
      <Filter>src</Filter>
    </ClCompile>
    <ClCompile Include="src\effects\shadows_blur.cpp">
      <Filter>src\effects</Filter>
    </ClCompile>
    <ClCompile Include="src\effects\damage_overlay.cpp">
      <Filter>src\effects</Filter>
    </ClCompile>
    <ClCompile Include="src\direct3d\device_old.cpp">
      <Filter>src\direct3d</Filter>
    </ClCompile>
    <ClCompile Include="src\direct3d\device.cpp">
      <Filter>src\direct3d</Filter>
    </ClCompile>
    <ClCompile Include="src\direct3d\texture2d_managed.cpp">
      <Filter>src\direct3d</Filter>
    </ClCompile>
    <ClCompile Include="src\direct3d\texture2d_rendertarget.cpp">
      <Filter>src\direct3d</Filter>
    </ClCompile>
    <ClCompile Include="src\direct3d\surface_backbuffer.cpp">
      <Filter>src\direct3d</Filter>
    </ClCompile>
    <ClCompile Include="src\direct3d\texture3d_managed.cpp">
      <Filter>src\direct3d</Filter>
    </ClCompile>
    <ClCompile Include="src\direct3d\texturecube_managed.cpp">
      <Filter>src\direct3d</Filter>
    </ClCompile>
    <ClCompile Include="src\direct3d\surface_depthstencil.cpp">
      <Filter>src\direct3d</Filter>
    </ClCompile>
    <ClCompile Include="src\direct3d\surface_systemmem_dummy.cpp">
      <Filter>src\direct3d</Filter>
    </ClCompile>
    <ClCompile Include="src\direct3d\render_state_manager.cpp">
      <Filter>src\direct3d</Filter>
    </ClCompile>
    <ClCompile Include="src\direct3d\vertex_declaration.cpp">
      <Filter>src\direct3d</Filter>
    </ClCompile>
    <ClCompile Include="src\direct3d\vertex_shader.cpp">
      <Filter>src\direct3d</Filter>
    </ClCompile>
    <ClCompile Include="src\direct3d\pixel_shader.cpp">
      <Filter>src\direct3d</Filter>
    </ClCompile>
    <ClCompile Include="src\direct3d\query.cpp">
      <Filter>src\direct3d</Filter>
    </ClCompile>
    <ClCompile Include="src\core\shader_loader.cpp">
      <Filter>src\core</Filter>
    </ClCompile>
    <ClCompile Include="src\core\shader_patch.cpp">
      <Filter>src\core</Filter>
    </ClCompile>
    <ClCompile Include="src\core\d3d11_helpers.cpp">
      <Filter>src\core</Filter>
    </ClCompile>
    <ClCompile Include="src\core\sampler_states.cpp">
      <Filter>src\core</Filter>
    </ClCompile>
    <ClCompile Include="src\core\input_layout_descriptions.cpp">
      <Filter>src\core</Filter>
    </ClCompile>
    <ClCompile Include="src\core\shader_input_layouts.cpp">
      <Filter>src\core</Filter>
    </ClCompile>
    <ClCompile Include="src\core\image_stretcher.cpp">
      <Filter>src\core</Filter>
    </ClCompile>
    <ClCompile Include="src\direct3d\texture_stage_state_manager.cpp">
      <Filter>src\direct3d</Filter>
    </ClCompile>
    <ClCompile Include="src\user_config.cpp">
      <Filter>src</Filter>
    </ClCompile>
    <ClCompile Include="src\direct3d\volume_resource_texture.cpp">
      <Filter>src\direct3d</Filter>
    </ClCompile>
    <ClCompile Include="src\core\texture_database.cpp">
      <Filter>src\core</Filter>
    </ClCompile>
    <ClCompile Include="src\direct3d\image_patcher.cpp">
      <Filter>src\direct3d</Filter>
    </ClCompile>
    <ClCompile Include="src\core\patch_material.cpp">
      <Filter>src\core</Filter>
    </ClCompile>
    <ClCompile Include="src\imgui\imgui_impl_dx11.cpp">
      <Filter>src\imgui</Filter>
    </ClCompile>
    <ClCompile Include="src\imgui\imgui_impl_win32.cpp">
      <Filter>src\imgui</Filter>
    </ClCompile>
    <ClCompile Include="src\imgui\imgui_impl_dx11_shaders.hpp">
      <Filter>src\imgui</Filter>
    </ClCompile>
    <ClCompile Include="src\core\swapchain.cpp">
      <Filter>src\core</Filter>
    </ClCompile>
    <ClCompile Include="src\core\effects_backbuffer.cpp">
      <Filter>src\core</Filter>
    </ClCompile>
  </ItemGroup>
  <ItemGroup>
    <ClInclude Include="src\hook_vtable.hpp">
      <Filter>src</Filter>
    </ClInclude>
    <ClInclude Include="src\shader_constants.hpp">
      <Filter>src</Filter>
    </ClInclude>
    <ClInclude Include="src\input_hooker.hpp">
      <Filter>src</Filter>
    </ClInclude>
    <ClInclude Include="src\window_helpers.hpp">
      <Filter>src</Filter>
    </ClInclude>
    <ClInclude Include="src\logger.hpp">
      <Filter>src</Filter>
    </ClInclude>
    <ClInclude Include="src\direct3d\check_required_features.hpp">
      <Filter>src\direct3d</Filter>
    </ClInclude>
    <ClInclude Include="src\user_config.hpp">
      <Filter>src</Filter>
    </ClInclude>
    <ClInclude Include="src\texture.hpp">
      <Filter>src</Filter>
    </ClInclude>
    <ClInclude Include="src\resource_handle.hpp">
      <Filter>src</Filter>
    </ClInclude>
    <ClInclude Include="src\material_resource.hpp">
      <Filter>src</Filter>
    </ClInclude>
    <ClInclude Include="src\material.hpp">
      <Filter>src</Filter>
    </ClInclude>
    <ClInclude Include="src\effects\control.hpp">
      <Filter>src\effects</Filter>
    </ClInclude>
    <ClInclude Include="src\effects\rendertarget_allocator.hpp">
      <Filter>src\effects</Filter>
    </ClInclude>
    <ClInclude Include="src\effects\helpers.hpp">
      <Filter>src\effects</Filter>
    </ClInclude>
    <ClInclude Include="src\effects\scene_blur.hpp">
      <Filter>src\effects</Filter>
    </ClInclude>
    <ClInclude Include="src\effects\postprocess.hpp">
      <Filter>src\effects</Filter>
    </ClInclude>
    <ClInclude Include="src\effects\color_grading_lut_baker.hpp">
      <Filter>src\effects</Filter>
    </ClInclude>
    <ClInclude Include="src\direct3d\creator.hpp">
      <Filter>src\direct3d</Filter>
    </ClInclude>
    <ClInclude Include="src\fps_unlock.hpp">
      <Filter>src</Filter>
    </ClInclude>
    <ClInclude Include="src\unlock_memory.hpp">
      <Filter>src</Filter>
    </ClInclude>
    <ClInclude Include="src\effects\shadows_blur.hpp">
      <Filter>src\effects</Filter>
    </ClInclude>
    <ClInclude Include="src\effects\damage_overlay.hpp">
      <Filter>src\effects</Filter>
    </ClInclude>
    <ClInclude Include="src\effects\color_helpers.hpp">
      <Filter>src\effects</Filter>
    </ClInclude>
    <ClInclude Include="src\effects\filmic_tonemapper.hpp">
      <Filter>src\effects</Filter>
    </ClInclude>
    <ClInclude Include="src\effects\postprocess_params.hpp">
      <Filter>src\effects</Filter>
    </ClInclude>
    <ClInclude Include="src\direct3d\device_old.hpp">
      <Filter>src\direct3d</Filter>
    </ClInclude>
    <ClInclude Include="src\direct3d\device.hpp">
      <Filter>src\direct3d</Filter>
    </ClInclude>
    <ClInclude Include="src\core\shader_patch.hpp">
      <Filter>src\core</Filter>
    </ClInclude>
    <ClInclude Include="src\direct3d\texture2d_managed.hpp">
      <Filter>src\direct3d</Filter>
    </ClInclude>
    <ClInclude Include="src\core\game_texture.hpp">
      <Filter>src\core</Filter>
    </ClInclude>
    <ClInclude Include="src\direct3d\texture2d_rendertarget.hpp">
      <Filter>src\direct3d</Filter>
    </ClInclude>
    <ClInclude Include="src\direct3d\surface_backbuffer.hpp">
      <Filter>src\direct3d</Filter>
    </ClInclude>
    <ClInclude Include="src\direct3d\texture3d_managed.hpp">
      <Filter>src\direct3d</Filter>
    </ClInclude>
    <ClInclude Include="src\direct3d\texturecube_managed.hpp">
      <Filter>src\direct3d</Filter>
    </ClInclude>
    <ClInclude Include="src\direct3d\resource.hpp">
      <Filter>src\direct3d</Filter>
    </ClInclude>
    <ClInclude Include="src\direct3d\base_texture.hpp">
      <Filter>src\direct3d</Filter>
    </ClInclude>
    <ClInclude Include="src\direct3d\buffer.hpp">
      <Filter>src\direct3d</Filter>
    </ClInclude>
    <ClInclude Include="src\direct3d\surface_depthstencil.hpp">
      <Filter>src\direct3d</Filter>
    </ClInclude>
    <ClInclude Include="src\direct3d\surface_systemmem_dummy.hpp">
      <Filter>src\direct3d</Filter>
    </ClInclude>
    <ClInclude Include="src\direct3d\helpers.hpp">
      <Filter>src\direct3d</Filter>
    </ClInclude>
    <ClInclude Include="src\direct3d\render_state_manager.hpp">
      <Filter>src\direct3d</Filter>
    </ClInclude>
    <ClInclude Include="src\direct3d\vertex_declaration.hpp">
      <Filter>src\direct3d</Filter>
    </ClInclude>
    <ClInclude Include="src\core\game_input_layout.hpp">
      <Filter>src\core</Filter>
    </ClInclude>
    <ClInclude Include="src\direct3d\vertex_shader.hpp">
      <Filter>src\direct3d</Filter>
    </ClInclude>
    <ClInclude Include="src\core\game_shader.hpp">
      <Filter>src\core</Filter>
    </ClInclude>
    <ClInclude Include="src\direct3d\pixel_shader.hpp">
      <Filter>src\direct3d</Filter>
    </ClInclude>
    <ClInclude Include="src\direct3d\query.hpp">
      <Filter>src\direct3d</Filter>
    </ClInclude>
    <ClInclude Include="src\core\shader_database.hpp">
      <Filter>src\core</Filter>
    </ClInclude>
    <ClInclude Include="src\core\shader_loader.hpp">
      <Filter>src\core</Filter>
    </ClInclude>
    <ClInclude Include="src\core\game_rendertarget.hpp">
      <Filter>src\core</Filter>
    </ClInclude>
    <ClInclude Include="src\core\d3d11_helpers.hpp">
      <Filter>src\core</Filter>
    </ClInclude>
    <ClInclude Include="src\core\depthstencil.hpp">
      <Filter>src\core</Filter>
    </ClInclude>
    <ClInclude Include="src\core\constant_buffers.hpp">
      <Filter>src\core</Filter>
    </ClInclude>
    <ClInclude Include="src\direct3d\debug_trace.hpp">
      <Filter>src\direct3d</Filter>
    </ClInclude>
    <ClInclude Include="src\core\sampler_states.hpp">
      <Filter>src\core</Filter>
    </ClInclude>
    <ClInclude Include="src\core\input_layout_descriptions.hpp">
      <Filter>src\core</Filter>
    </ClInclude>
    <ClInclude Include="src\core\input_layout_element.hpp">
      <Filter>src\core</Filter>
    </ClInclude>
    <ClInclude Include="src\core\shader_input_layouts.hpp">
      <Filter>src\core</Filter>
    </ClInclude>
    <ClInclude Include="src\core\shader_input_element.hpp">
      <Filter>src\core</Filter>
    </ClInclude>
    <ClInclude Include="src\core\image_stretcher.hpp">
      <Filter>src\core</Filter>
    </ClInclude>
    <ClInclude Include="src\direct3d\texture_stage_state_manager.hpp">
      <Filter>src\direct3d</Filter>
    </ClInclude>
    <ClInclude Include="src\core\patch_texture.hpp">
      <Filter>src\core</Filter>
    </ClInclude>
    <ClInclude Include="src\direct3d\volume_resource_texture.hpp">
      <Filter>src\direct3d</Filter>
    </ClInclude>
    <ClInclude Include="src\core\texture_database.hpp">
      <Filter>src\core</Filter>
    </ClInclude>
    <ClInclude Include="src\direct3d\image_patcher.hpp">
      <Filter>src\direct3d</Filter>
    </ClInclude>
    <ClInclude Include="src\core\patch_material.hpp">
      <Filter>src\core</Filter>
    </ClInclude>
    <ClInclude Include="src\direct3d\texture3d_resource.hpp">
      <Filter>src\direct3d</Filter>
    </ClInclude>
    <ClInclude Include="src\imgui\imgui_impl_dx11.h">
      <Filter>src\imgui</Filter>
    </ClInclude>
    <ClInclude Include="src\imgui\imgui_impl_win32.h">
      <Filter>src\imgui</Filter>
    </ClInclude>
    <ClInclude Include="src\core\swapchain.hpp">
      <Filter>src\core</Filter>
    </ClInclude>
    <ClInclude Include="src\core\effects_backbuffer.hpp">
      <Filter>src\core</Filter>
    </ClInclude>
    <ClInclude Include="src\core\context_state_guard.hpp">
      <Filter>src\core</Filter>
    </ClInclude>
    <ClInclude Include="src\core\patch_effects_config_handle.hpp">
      <Filter>src\core</Filter>
    </ClInclude>
  </ItemGroup>
  <ItemGroup>
    <None Include="d3d9.def" />
  </ItemGroup>
</Project>