<?xml version="1.0" encoding="utf-8"?>
<Project ToolsVersion="4.0" xmlns="http://schemas.microsoft.com/developer/msbuild/2003">
  <ItemGroup>
    <Filter Include="src">
      <UniqueIdentifier>{f8bcd6a0-ad31-432f-9c72-a99c8d1fd92f}</UniqueIdentifier>
    </Filter>
    <Filter Include="src\direct3d">
      <UniqueIdentifier>{3c0ea71c-25d6-43f7-95a1-0246ff97c699}</UniqueIdentifier>
    </Filter>
    <Filter Include="src\imgui">
      <UniqueIdentifier>{88c1d793-343a-4ebb-934a-fdc29d5660de}</UniqueIdentifier>
    </Filter>
  </ItemGroup>
  <ItemGroup>
    <ClCompile Include="src\main.cpp">
      <Filter>src</Filter>
    </ClCompile>
    <ClCompile Include="src\direct3d\create_device.cpp">
      <Filter>src\direct3d</Filter>
    </ClCompile>
    <ClCompile Include="src\direct3d\device.cpp">
      <Filter>src\direct3d</Filter>
    </ClCompile>
    <ClCompile Include="src\direct3d\device_stubs.cpp">
      <Filter>src\direct3d</Filter>
    </ClCompile>
    <ClCompile Include="src\imgui\imgui_impl_dx9.cpp">
      <Filter>src\imgui</Filter>
    </ClCompile>
    <ClCompile Include="src\imgui\imgui.cpp">
      <Filter>src\imgui</Filter>
    </ClCompile>
    <ClCompile Include="src\imgui\imgui_demo.cpp">
      <Filter>src\imgui</Filter>
    </ClCompile>
    <ClCompile Include="src\imgui\imgui_draw.cpp">
      <Filter>src\imgui</Filter>
    </ClCompile>
    <ClCompile Include="src\input_hooker.cpp">
      <Filter>src</Filter>
    </ClCompile>
    <ClCompile Include="src\texture_loader.cpp">
      <Filter>src</Filter>
    </ClCompile>
    <ClCompile Include="src\direct3d\check_required_features.cpp">
      <Filter>src\direct3d</Filter>
    </ClCompile>
  </ItemGroup>
  <ItemGroup>
    <ClInclude Include="src\hook_vtable.hpp">
      <Filter>src</Filter>
    </ClInclude>
    <ClInclude Include="src\direct3d\create_device.hpp">
      <Filter>src\direct3d</Filter>
    </ClInclude>
    <ClInclude Include="src\direct3d\device.hpp">
      <Filter>src\direct3d</Filter>
    </ClInclude>
    <ClInclude Include="src\direct3d\shader_metadata.hpp">
      <Filter>src\direct3d</Filter>
    </ClInclude>
    <ClInclude Include="src\direct3d\shader.hpp">
      <Filter>src\direct3d</Filter>
    </ClInclude>
    <ClInclude Include="src\direct3d\shader_constant.hpp">
      <Filter>src\direct3d</Filter>
    </ClInclude>
    <ClInclude Include="src\shader_constants.hpp">
      <Filter>src</Filter>
    </ClInclude>
    <ClInclude Include="src\imgui\imconfig.h">
      <Filter>src\imgui</Filter>
    </ClInclude>
    <ClInclude Include="src\imgui\imgui.h">
      <Filter>src\imgui</Filter>
    </ClInclude>
    <ClInclude Include="src\imgui\imgui_impl_dx9.h">
      <Filter>src\imgui</Filter>
    </ClInclude>
    <ClInclude Include="src\imgui\imgui_internal.h">
      <Filter>src\imgui</Filter>
    </ClInclude>
    <ClInclude Include="src\imgui\stb_rect_pack.h">
      <Filter>src\imgui</Filter>
    </ClInclude>
    <ClInclude Include="src\imgui\stb_textedit.h">
      <Filter>src\imgui</Filter>
    </ClInclude>
    <ClInclude Include="src\imgui\stb_truetype.h">
      <Filter>src\imgui</Filter>
    </ClInclude>
    <ClInclude Include="src\input_hooker.hpp">
      <Filter>src</Filter>
    </ClInclude>
    <ClInclude Include="src\texture_loader.hpp">
      <Filter>src</Filter>
    </ClInclude>
    <ClInclude Include="src\window_helpers.hpp">
      <Filter>src</Filter>
    </ClInclude>
    <ClInclude Include="src\direct3d\render_state_block.hpp">
      <Filter>src\direct3d</Filter>
    </ClInclude>
    <ClInclude Include="src\logger.hpp">
      <Filter>src</Filter>
    </ClInclude>
    <ClInclude Include="src\direct3d\check_required_features.hpp">
      <Filter>src\direct3d</Filter>
    </ClInclude>
    <ClInclude Include="src\user_config.hpp">
      <Filter>src</Filter>
    </ClInclude>
    <ClInclude Include="src\direct3d\sampler_state_block.hpp">
      <Filter>src\direct3d</Filter>
    </ClInclude>
  </ItemGroup>
  <ItemGroup>
    <None Include="dinput8.def" />
  </ItemGroup>
</Project>