
Microsoft Visual Studio Solution File, Format Version 12.00
# Visual Studio Version 17
VisualStudioVersion = 17.2.32519.379
MinimumVisualStudioVersion = 10.0.40219.1
Project("{8BC9CEB8-8B4A-11D0-8D11-00A0C91BC942}") = "shader_patch", "shader_patch.vcxproj", "{77065F00-E7E4-4EDF-8C98-6EB87BC49C4D}"
EndProject
Project("{2150E333-8FDC-42A3-9474-1A3956D46DE8}") = "tools", "tools", "{69E77B09-01C8-4B00-929C-69F81C130C74}"
EndProject
Project("{8BC9CEB8-8B4A-11D0-8D11-00A0C91BC942}") = "lvl_pack", "tools\lvl_pack\lvl_pack.vcxproj", "{55EDE7A5-D7BB-476B-84A2-85B962BBC36A}"
EndProject
Project("{8BC9CEB8-8B4A-11D0-8D11-00A0C91BC942}") = "core", "assets\core\core.vcxproj", "{7FA8E104-8A4E-4A69-8CEE-7C800757DB6E}"
	ProjectSection(ProjectDependencies) = postProject
		{55EDE7A5-D7BB-476B-84A2-85B962BBC36A} = {55EDE7A5-D7BB-476B-84A2-85B962BBC36A}
		{84BEAAB2-DD0C-4298-AA34-22773B8D44BD} = {84BEAAB2-DD0C-4298-AA34-22773B8D44BD}
	EndProjectSection
EndProject
Project("{8BC9CEB8-8B4A-11D0-8D11-00A0C91BC942}") = "material_munge", "tools\material_munge\material_munge.vcxproj", "{0459C299-DA5D-4AB2-AF50-C38D4F569A19}"
EndProject
Project("{8BC9CEB8-8B4A-11D0-8D11-00A0C91BC942}") = "texture_munge", "tools\texture_munge\texture_munge.vcxproj", "{84BEAAB2-DD0C-4298-AA34-22773B8D44BD}"
EndProject
Project("{8BC9CEB8-8B4A-11D0-8D11-00A0C91BC942}") = "spfx_munge", "tools\spfx_munge\spfx_munge.vcxproj", "{3E809000-E8D9-4C1B-8A1A-738587477265}"
EndProject
Project("{8BC9CEB8-8B4A-11D0-8D11-00A0C91BC942}") = "shared", "shared\shared.vcxproj", "{CC4890F2-40E7-446F-8971-5114EA566C27}"
EndProject
Project("{8BC9CEB8-8B4A-11D0-8D11-00A0C91BC942}") = "shader_cache_primer", "tools\shader_cache_primer\shader_cache_primer.vcxproj", "{77099BDD-CB40-4C78-85BB-04F6E07F98D9}"
EndProject
Project("{8BC9CEB8-8B4A-11D0-8D11-00A0C91BC942}") = "manager", "tools\manager\manager.vcxproj", "{87C16869-1FA0-4995-B731-365D230D72F3}"
EndProject
Project("{8BC9CEB8-8B4A-11D0-8D11-00A0C91BC942}") = "material_updater", "tools\material_updater\material_updater.vcxproj", "{7517AA92-58FE-4981-8370-2CD881BEE9FC}"
EndProject
Project("{8BC9CEB8-8B4A-11D0-8D11-00A0C91BC942}") = "texture_array_maker", "tools\texture_array_maker\texture_array_maker.vcxproj", "{B07B91E6-6E70-4716-BECD-5291D52AB702}"
EndProject
Global
	GlobalSection(SolutionConfigurationPlatforms) = preSolution
		Debug|x64 = Debug|x64
		Debug|x86 = Debug|x86
		Release|x64 = Release|x64
		Release|x86 = Release|x86
	EndGlobalSection
	GlobalSection(ProjectConfigurationPlatforms) = postSolution
		{77065F00-E7E4-4EDF-8C98-6EB87BC49C4D}.Debug|x64.ActiveCfg = Debug|Win32
		{77065F00-E7E4-4EDF-8C98-6EB87BC49C4D}.Debug|x86.ActiveCfg = Debug|Win32
		{77065F00-E7E4-4EDF-8C98-6EB87BC49C4D}.Debug|x86.Build.0 = Debug|Win32
		{77065F00-E7E4-4EDF-8C98-6EB87BC49C4D}.Release|x64.ActiveCfg = Release|Win32
		{77065F00-E7E4-4EDF-8C98-6EB87BC49C4D}.Release|x86.ActiveCfg = Release|Win32
		{77065F00-E7E4-4EDF-8C98-6EB87BC49C4D}.Release|x86.Build.0 = Release|Win32
		{55EDE7A5-D7BB-476B-84A2-85B962BBC36A}.Debug|x64.ActiveCfg = Debug|x64
		{55EDE7A5-D7BB-476B-84A2-85B962BBC36A}.Debug|x64.Build.0 = Debug|x64
		{55EDE7A5-D7BB-476B-84A2-85B962BBC36A}.Debug|x86.ActiveCfg = Debug|x64
		{55EDE7A5-D7BB-476B-84A2-85B962BBC36A}.Release|x64.ActiveCfg = Release|x64
		{55EDE7A5-D7BB-476B-84A2-85B962BBC36A}.Release|x64.Build.0 = Release|x64
		{55EDE7A5-D7BB-476B-84A2-85B962BBC36A}.Release|x86.ActiveCfg = Release|x64
		{7FA8E104-8A4E-4A69-8CEE-7C800757DB6E}.Debug|x64.ActiveCfg = Debug|x64
		{7FA8E104-8A4E-4A69-8CEE-7C800757DB6E}.Debug|x64.Build.0 = Debug|x64
		{7FA8E104-8A4E-4A69-8CEE-7C800757DB6E}.Debug|x86.ActiveCfg = Debug|Win32
		{7FA8E104-8A4E-4A69-8CEE-7C800757DB6E}.Debug|x86.Build.0 = Debug|Win32
		{7FA8E104-8A4E-4A69-8CEE-7C800757DB6E}.Release|x64.ActiveCfg = Release|x64
		{7FA8E104-8A4E-4A69-8CEE-7C800757DB6E}.Release|x64.Build.0 = Release|x64
		{7FA8E104-8A4E-4A69-8CEE-7C800757DB6E}.Release|x86.ActiveCfg = Release|Win32
		{7FA8E104-8A4E-4A69-8CEE-7C800757DB6E}.Release|x86.Build.0 = Release|Win32
		{0459C299-DA5D-4AB2-AF50-C38D4F569A19}.Debug|x64.ActiveCfg = Debug|x64
		{0459C299-DA5D-4AB2-AF50-C38D4F569A19}.Debug|x64.Build.0 = Debug|x64
		{0459C299-DA5D-4AB2-AF50-C38D4F569A19}.Debug|x86.ActiveCfg = Debug|x64
		{0459C299-DA5D-4AB2-AF50-C38D4F569A19}.Release|x64.ActiveCfg = Release|x64
		{0459C299-DA5D-4AB2-AF50-C38D4F569A19}.Release|x64.Build.0 = Release|x64
		{0459C299-DA5D-4AB2-AF50-C38D4F569A19}.Release|x86.ActiveCfg = Release|x64
		{84BEAAB2-DD0C-4298-AA34-22773B8D44BD}.Debug|x64.ActiveCfg = Debug|x64
		{84BEAAB2-DD0C-4298-AA34-22773B8D44BD}.Debug|x64.Build.0 = Debug|x64
		{84BEAAB2-DD0C-4298-AA34-22773B8D44BD}.Debug|x86.ActiveCfg = Debug|x64
		{84BEAAB2-DD0C-4298-AA34-22773B8D44BD}.Release|x64.ActiveCfg = Release|x64
		{84BEAAB2-DD0C-4298-AA34-22773B8D44BD}.Release|x64.Build.0 = Release|x64
		{84BEAAB2-DD0C-4298-AA34-22773B8D44BD}.Release|x86.ActiveCfg = Release|x64
		{3E809000-E8D9-4C1B-8A1A-738587477265}.Debug|x64.ActiveCfg = Debug|x64
		{3E809000-E8D9-4C1B-8A1A-738587477265}.Debug|x64.Build.0 = Debug|x64
		{3E809000-E8D9-4C1B-8A1A-738587477265}.Debug|x86.ActiveCfg = Debug|x64
		{3E809000-E8D9-4C1B-8A1A-738587477265}.Release|x64.ActiveCfg = Release|x64
		{3E809000-E8D9-4C1B-8A1A-738587477265}.Release|x64.Build.0 = Release|x64
		{3E809000-E8D9-4C1B-8A1A-738587477265}.Release|x86.ActiveCfg = Release|x64
		{CC4890F2-40E7-446F-8971-5114EA566C27}.Debug|x64.ActiveCfg = Debug|x64
		{CC4890F2-40E7-446F-8971-5114EA566C27}.Debug|x64.Build.0 = Debug|x64
		{CC4890F2-40E7-446F-8971-5114EA566C27}.Debug|x86.ActiveCfg = Debug|Win32
		{CC4890F2-40E7-446F-8971-5114EA566C27}.Debug|x86.Build.0 = Debug|Win32
		{CC4890F2-40E7-446F-8971-5114EA566C27}.Release|x64.ActiveCfg = Release|x64
		{CC4890F2-40E7-446F-8971-5114EA566C27}.Release|x64.Build.0 = Release|x64
		{CC4890F2-40E7-446F-8971-5114EA566C27}.Release|x86.ActiveCfg = Release|Win32
		{CC4890F2-40E7-446F-8971-5114EA566C27}.Release|x86.Build.0 = Release|Win32
		{77099BDD-CB40-4C78-85BB-04F6E07F98D9}.Debug|x64.ActiveCfg = Debug|Win32
		{77099BDD-CB40-4C78-85BB-04F6E07F98D9}.Debug|x86.ActiveCfg = Debug|Win32
		{77099BDD-CB40-4C78-85BB-04F6E07F98D9}.Debug|x86.Build.0 = Debug|Win32
		{77099BDD-CB40-4C78-85BB-04F6E07F98D9}.Release|x64.ActiveCfg = Release|Win32
		{77099BDD-CB40-4C78-85BB-04F6E07F98D9}.Release|x86.ActiveCfg = Release|Win32
		{77099BDD-CB40-4C78-85BB-04F6E07F98D9}.Release|x86.Build.0 = Release|Win32
		{87C16869-1FA0-4995-B731-365D230D72F3}.Debug|x64.ActiveCfg = Debug|Win32
		{87C16869-1FA0-4995-B731-365D230D72F3}.Debug|x86.ActiveCfg = Debug|Win32
		{87C16869-1FA0-4995-B731-365D230D72F3}.Debug|x86.Build.0 = Debug|Win32
		{87C16869-1FA0-4995-B731-365D230D72F3}.Release|x64.ActiveCfg = Release|Win32
		{87C16869-1FA0-4995-B731-365D230D72F3}.Release|x86.ActiveCfg = Release|Win32
		{87C16869-1FA0-4995-B731-365D230D72F3}.Release|x86.Build.0 = Release|Win32
		{7517AA92-58FE-4981-8370-2CD881BEE9FC}.Debug|x64.ActiveCfg = Debug|x64
		{7517AA92-58FE-4981-8370-2CD881BEE9FC}.Debug|x64.Build.0 = Debug|x64
		{7517AA92-58FE-4981-8370-2CD881BEE9FC}.Debug|x86.ActiveCfg = Debug|x64
		{7517AA92-58FE-4981-8370-2CD881BEE9FC}.Release|x64.ActiveCfg = Release|x64
		{7517AA92-58FE-4981-8370-2CD881BEE9FC}.Release|x64.Build.0 = Release|x64
		{7517AA92-58FE-4981-8370-2CD881BEE9FC}.Release|x86.ActiveCfg = Release|x64
		{7517AA92-58FE-4981-8370-2CD881BEE9FC}.Release|x86.Build.0 = Release|x64
		{B07B91E6-6E70-4716-BECD-5291D52AB702}.Debug|x64.ActiveCfg = Debug|x64
		{B07B91E6-6E70-4716-BECD-5291D52AB702}.Debug|x64.Build.0 = Debug|x64
		{B07B91E6-6E70-4716-BECD-5291D52AB702}.Debug|x86.ActiveCfg = Debug|x64
		{B07B91E6-6E70-4716-BECD-5291D52AB702}.Release|x64.ActiveCfg = Release|x64
		{B07B91E6-6E70-4716-BECD-5291D52AB702}.Release|x64.Build.0 = Release|x64
		{B07B91E6-6E70-4716-BECD-5291D52AB702}.Release|x86.ActiveCfg = Release|x64
	EndGlobalSection
	GlobalSection(SolutionProperties) = preSolution
		HideSolutionNode = FALSE
	EndGlobalSection
	GlobalSection(NestedProjects) = preSolution
		{55EDE7A5-D7BB-476B-84A2-85B962BBC36A} = {69E77B09-01C8-4B00-929C-69F81C130C74}
		{0459C299-DA5D-4AB2-AF50-C38D4F569A19} = {69E77B09-01C8-4B00-929C-69F81C130C74}
		{84BEAAB2-DD0C-4298-AA34-22773B8D44BD} = {69E77B09-01C8-4B00-929C-69F81C130C74}
		{3E809000-E8D9-4C1B-8A1A-738587477265} = {69E77B09-01C8-4B00-929C-69F81C130C74}
		{77099BDD-CB40-4C78-85BB-04F6E07F98D9} = {69E77B09-01C8-4B00-929C-69F81C130C74}
		{87C16869-1FA0-4995-B731-365D230D72F3} = {69E77B09-01C8-4B00-929C-69F81C130C74}
		{7517AA92-58FE-4981-8370-2CD881BEE9FC} = {69E77B09-01C8-4B00-929C-69F81C130C74}
		{B07B91E6-6E70-4716-BECD-5291D52AB702} = {69E77B09-01C8-4B00-929C-69F81C130C74}
	EndGlobalSection
	GlobalSection(ExtensibilityGlobals) = postSolution
		SolutionGuid = {E60021EE-5B9E-4C2E-B6AB-83302F205408}
	EndGlobalSection
	GlobalSection(SharedMSBuildProjectFiles) = preSolution
		submodules\imgui\imgui.vcxitems*{77065f00-e7e4-4edf-8c98-6eb87bc49c4d}*SharedItemsImports = 4
	EndGlobalSection
EndGlobal
