
Microsoft Visual Studio Solution File, Format Version 12.00
# Visual Studio 15
VisualStudioVersion = 15.0.27130.2036
MinimumVisualStudioVersion = 10.0.40219.1
Project("{8BC9CEB8-8B4A-11D0-8D11-00A0C91BC942}") = "shader_patch", "shader_patch.vcxproj", "{77065F00-E7E4-4EDF-8C98-6EB87BC49C4D}"
EndProject
Project("{FAE04EC0-301F-11D3-BF4B-00C04F79EFBC}") = "installer", "tools\installer\installer.csproj", "{D1C33C73-8766-49AF-AB30-FD4A2ECF5EB7}"
EndProject
Project("{8BC9CEB8-8B4A-11D0-8D11-00A0C91BC942}") = "shared_src", "shared_src\shared_src.vcxitems", "{F1810F20-C9CC-43DF-981F-9DF8E60AE6EB}"
EndProject
Project("{2150E333-8FDC-42A3-9474-1A3956D46DE8}") = "tools", "tools", "{69E77B09-01C8-4B00-929C-69F81C130C74}"
EndProject
Project("{8BC9CEB8-8B4A-11D0-8D11-00A0C91BC942}") = "shader_compiler", "tools\shader_compiler\shader_compiler.vcxproj", "{08B2B3F5-A506-49F0-9775-56BB4A87F22D}"
EndProject
Global
	GlobalSection(SharedMSBuildProjectFiles) = preSolution
		shared_src\shared_src.vcxitems*{08b2b3f5-a506-49f0-9775-56bb4a87f22d}*SharedItemsImports = 4
		shared_src\shared_src.vcxitems*{77065f00-e7e4-4edf-8c98-6eb87bc49c4d}*SharedItemsImports = 4
		shared_src\shared_src.vcxitems*{f1810f20-c9cc-43df-981f-9df8e60ae6eb}*SharedItemsImports = 9
	EndGlobalSection
	GlobalSection(SolutionConfigurationPlatforms) = preSolution
		Debug|Any CPU = Debug|Any CPU
		Debug|x86 = Debug|x86
		Release|Any CPU = Release|Any CPU
		Release|x86 = Release|x86
	EndGlobalSection
	GlobalSection(ProjectConfigurationPlatforms) = postSolution
		{77065F00-E7E4-4EDF-8C98-6EB87BC49C4D}.Debug|Any CPU.ActiveCfg = Debug|Win32
		{77065F00-E7E4-4EDF-8C98-6EB87BC49C4D}.Debug|x86.ActiveCfg = Debug|Win32
		{77065F00-E7E4-4EDF-8C98-6EB87BC49C4D}.Debug|x86.Build.0 = Debug|Win32
		{77065F00-E7E4-4EDF-8C98-6EB87BC49C4D}.Release|Any CPU.ActiveCfg = Release|Win32
		{77065F00-E7E4-4EDF-8C98-6EB87BC49C4D}.Release|x86.ActiveCfg = Release|Win32
		{77065F00-E7E4-4EDF-8C98-6EB87BC49C4D}.Release|x86.Build.0 = Release|Win32
		{D1C33C73-8766-49AF-AB30-FD4A2ECF5EB7}.Debug|Any CPU.ActiveCfg = Debug|Any CPU
		{D1C33C73-8766-49AF-AB30-FD4A2ECF5EB7}.Debug|Any CPU.Build.0 = Debug|Any CPU
		{D1C33C73-8766-49AF-AB30-FD4A2ECF5EB7}.Debug|x86.ActiveCfg = Debug|Any CPU
		{D1C33C73-8766-49AF-AB30-FD4A2ECF5EB7}.Debug|x86.Build.0 = Debug|Any CPU
		{D1C33C73-8766-49AF-AB30-FD4A2ECF5EB7}.Release|Any CPU.ActiveCfg = Release|Any CPU
		{D1C33C73-8766-49AF-AB30-FD4A2ECF5EB7}.Release|Any CPU.Build.0 = Release|Any CPU
		{D1C33C73-8766-49AF-AB30-FD4A2ECF5EB7}.Release|x86.ActiveCfg = Release|Any CPU
		{D1C33C73-8766-49AF-AB30-FD4A2ECF5EB7}.Release|x86.Build.0 = Release|Any CPU
		{08B2B3F5-A506-49F0-9775-56BB4A87F22D}.Debug|Any CPU.ActiveCfg = Debug|Win32
		{08B2B3F5-A506-49F0-9775-56BB4A87F22D}.Debug|x86.ActiveCfg = Debug|Win32
		{08B2B3F5-A506-49F0-9775-56BB4A87F22D}.Debug|x86.Build.0 = Debug|Win32
		{08B2B3F5-A506-49F0-9775-56BB4A87F22D}.Release|Any CPU.ActiveCfg = Release|Win32
		{08B2B3F5-A506-49F0-9775-56BB4A87F22D}.Release|x86.ActiveCfg = Release|Win32
		{08B2B3F5-A506-49F0-9775-56BB4A87F22D}.Release|x86.Build.0 = Release|Win32
	EndGlobalSection
	GlobalSection(SolutionProperties) = preSolution
		HideSolutionNode = FALSE
	EndGlobalSection
	GlobalSection(NestedProjects) = preSolution
		{D1C33C73-8766-49AF-AB30-FD4A2ECF5EB7} = {69E77B09-01C8-4B00-929C-69F81C130C74}
		{08B2B3F5-A506-49F0-9775-56BB4A87F22D} = {69E77B09-01C8-4B00-929C-69F81C130C74}
	EndGlobalSection
	GlobalSection(ExtensibilityGlobals) = postSolution
		SolutionGuid = {E60021EE-5B9E-4C2E-B6AB-83302F205408}
	EndGlobalSection
EndGlobal
