<?xml version="1.0" encoding="utf-8"?>
<Project ToolsVersion="4.0" xmlns="http://schemas.microsoft.com/developer/msbuild/2003">
  <ItemGroup>
    <Filter Include="src">
      <UniqueIdentifier>{93995380-89BD-4b04-88EB-625FBE52EBFB}</UniqueIdentifier>
    </Filter>
    <Filter Include="include">
      <UniqueIdentifier>{a86bf329-d850-45b4-a174-be0e666f624d}</UniqueIdentifier>
    </Filter>
  </ItemGroup>
  <ItemGroup>
    <ClInclude Include="include\algorithm.hpp">
      <Filter>include</Filter>
    </ClInclude>
    <ClInclude Include="include\com_ptr.hpp">
      <Filter>include</Filter>
    </ClInclude>
    <ClInclude Include="include\compose_exception.hpp">
      <Filter>include</Filter>
    </ClInclude>
    <ClInclude Include="include\config_file.hpp">
      <Filter>include</Filter>
    </ClInclude>
    <ClInclude Include="include\file_dialogs.hpp">
      <Filter>include</Filter>
    </ClInclude>
    <ClInclude Include="include\file_helpers.hpp">
      <Filter>include</Filter>
    </ClInclude>
    <ClInclude Include="include\game_rendertypes.hpp">
      <Filter>include</Filter>
    </ClInclude>
    <ClInclude Include="include\glm_yaml_adapters.hpp">
      <Filter>include</Filter>
    </ClInclude>
    <ClInclude Include="include\magic_number.hpp">
      <Filter>include</Filter>
    </ClInclude>
    <ClInclude Include="include\material_flags.hpp">
      <Filter>include</Filter>
    </ClInclude>
    <ClInclude Include="include\memory_mapped_file.hpp">
      <Filter>include</Filter>
    </ClInclude>
    <ClInclude Include="include\munge_helpers.hpp">
      <Filter>include</Filter>
    </ClInclude>
    <ClInclude Include="include\patch_material_io.hpp">
      <Filter>include</Filter>
    </ClInclude>
    <ClInclude Include="include\patch_texture_io.hpp">
      <Filter>include</Filter>
    </ClInclude>
    <ClInclude Include="include\req_file_helpers.hpp">
      <Filter>include</Filter>
    </ClInclude>
    <ClInclude Include="include\small_function.hpp">
      <Filter>include</Filter>
    </ClInclude>
    <ClInclude Include="include\smart_win32_handle.hpp">
      <Filter>include</Filter>
    </ClInclude>
    <ClInclude Include="include\string_utilities.hpp">
      <Filter>include</Filter>
    </ClInclude>
    <ClInclude Include="include\synced_io.hpp">
      <Filter>include</Filter>
    </ClInclude>
    <ClInclude Include="include\throw_if_failed.hpp">
      <Filter>include</Filter>
    </ClInclude>
    <ClInclude Include="include\ucfb_reader.hpp">
      <Filter>include</Filter>
    </ClInclude>
    <ClInclude Include="include\ucfb_tweaker.hpp">
      <Filter>include</Filter>
    </ClInclude>
    <ClInclude Include="include\ucfb_writer.hpp">
      <Filter>include</Filter>
    </ClInclude>
    <ClInclude Include="include\utility.hpp">
      <Filter>include</Filter>
    </ClInclude>
    <ClInclude Include="include\volume_resource.hpp">
      <Filter>include</Filter>
    </ClInclude>
    <ClInclude Include="include\ucfb_editor.hpp">
      <Filter>include</Filter>
    </ClInclude>
    <ClInclude Include="include\enum_flags.hpp">
      <Filter>include</Filter>
    </ClInclude>
    <ClInclude Include="include\shader_patch_version.hpp">
      <Filter>include</Filter>
    </ClInclude>
    <ClInclude Include="include\random.hpp">
      <Filter>include</Filter>
    </ClInclude>
    <ClInclude Include="include\swbf_fnv_1a.hpp">
      <Filter>include</Filter>
    </ClInclude>
    <ClInclude Include="include\image_span.hpp">
      <Filter>include</Filter>
    </ClInclude>
    <ClInclude Include="include\color_grading_regions_io.hpp">
      <Filter>include</Filter>
    </ClInclude>
    <ClInclude Include="include\srgb_conversion.hpp">
      <Filter>include</Filter>
    </ClInclude>
    <ClInclude Include="include\binary_io_winapi.hpp">
      <Filter>include</Filter>
    </ClInclude>
    <ClInclude Include="include\retry_dialog.hpp">
      <Filter>include</Filter>
    </ClInclude>
    <ClInclude Include="include\overloaded.hpp">
      <Filter>include</Filter>
    </ClInclude>
    <ClInclude Include="include\material_rendertype_property_mappings.hpp">
      <Filter>include</Filter>
    </ClInclude>
    <ClInclude Include="include\plf_hive.h">
      <Filter>include</Filter>
    </ClInclude>
    <ClInclude Include="include\bounding_box.hpp">
      <Filter>include</Filter>
    </ClInclude>
  </ItemGroup>
  <ItemGroup>
    <ClCompile Include="src\patch_texture_io.cpp">
      <Filter>src</Filter>
    </ClCompile>
    <ClCompile Include="src\patch_material_io.cpp">
      <Filter>src</Filter>
    </ClCompile>
    <ClCompile Include="src\memory_mapped_file.cpp">
      <Filter>src</Filter>
    </ClCompile>
    <ClCompile Include="src\file_dialogs.cpp">
      <Filter>src</Filter>
    </ClCompile>
    <ClCompile Include="src\req_file_helpers.cpp">
      <Filter>src</Filter>
    </ClCompile>
    <ClCompile Include="src\config_file.cpp">
      <Filter>src</Filter>
    </ClCompile>
    <ClCompile Include="src\file_helpers.cpp">
      <Filter>src</Filter>
    </ClCompile>
    <ClCompile Include="src\munge_helpers.cpp">
      <Filter>src</Filter>
    </ClCompile>
    <ClCompile Include="src\ucfb_editor.cpp">
      <Filter>src</Filter>
    </ClCompile>
    <ClCompile Include="src\volume_resource.cpp">
      <Filter>src</Filter>
    </ClCompile>
    <ClCompile Include="src\shader_patch_version.cpp">
      <Filter>src</Filter>
    </ClCompile>
    <ClCompile Include="src\image_span.cpp">
      <Filter>src</Filter>
    </ClCompile>
    <ClCompile Include="src\color_grading_regions_io.cpp">
      <Filter>src</Filter>
    </ClCompile>
  </ItemGroup>
</Project>